
Microsoft Visual Studio Solution File, Format Version 12.00
# Visual Studio Version 17
VisualStudioVersion = 17.9.34616.47
MinimumVisualStudioVersion = 10.0.40219.1
Project("{8BC9CEB8-8B4A-11D0-8D11-00A0C91BC942}") = "BinarySearchTree", "BinarySearchTree\BinarySearchTree.vcxproj", "{79F0EDF3-E116-416D-96BD-F41274C49552}"
EndProject
Global
	GlobalSection(SolutionConfigurationPlatforms) = preSolution
		Debug|x64 = Debug|x64
		Debug|x86 = Debug|x86
		Release|x64 = Release|x64
		Release|x86 = Release|x86
	EndGlobalSection
	GlobalSection(ProjectConfigurationPlatforms) = postSolution
		{79F0EDF3-E116-416D-96BD-F41274C49552}.Debug|x64.ActiveCfg = Debug|x64
		{79F0EDF3-E116-416D-96BD-F41274C49552}.Debug|x64.Build.0 = Debug|x64
		{79F0EDF3-E116-416D-96BD-F41274C49552}.Debug|x86.ActiveCfg = Debug|Win32
		{79F0EDF3-E116-416D-96BD-F41274C49552}.Debug|x86.Build.0 = Debug|Win32
		{79F0EDF3-E116-416D-96BD-F41274C49552}.Release|x64.ActiveCfg = Release|x64
		{79F0EDF3-E116-416D-96BD-F41274C49552}.Release|x64.Build.0 = Release|x64
		{79F0EDF3-E116-416D-96BD-F41274C49552}.Release|x86.ActiveCfg = Release|Win32
		{79F0EDF3-E116-416D-96BD-F41274C49552}.Release|x86.Build.0 = Release|Win32
	EndGlobalSection
	GlobalSection(SolutionProperties) = preSolution
		HideSolutionNode = FALSE
	EndGlobalSection
	GlobalSection(ExtensibilityGlobals) = postSolution
		SolutionGuid = {E68B76F5-6BA3-495C-9030-7EBA65A98E61}
	EndGlobalSection
EndGlobal
